
Microsoft Visual Studio Solution File, Format Version 12.00
# Visual Studio 14
VisualStudioVersion = 14.0.25123.0
MinimumVisualStudioVersion = 10.0.40219.1
Project("{892E53F4-A016-4B7C-805E-6FE98A205AF6}") = "Sitecore.Support.219986", "Sitecore.Support.219986\Sitecore.Support.219986.csproj", "{408E95C1-0AB0-4339-A29B-05AC8154FEB2}"
EndProject
Global
	GlobalSection(SolutionConfigurationPlatforms) = preSolution
		Debug|Any CPU = Debug|Any CPU
		Release|Any CPU = Release|Any CPU
	EndGlobalSection
	GlobalSection(ProjectConfigurationPlatforms) = postSolution
		{408E95C1-0AB0-4339-A29B-05AC8154FEB2}.Debug|Any CPU.ActiveCfg = Debug|Any CPU
		{408E95C1-0AB0-4339-A29B-05AC8154FEB2}.Debug|Any CPU.Build.0 = Debug|Any CPU
		{408E95C1-0AB0-4339-A29B-05AC8154FEB2}.Release|Any CPU.ActiveCfg = Release|Any CPU
		{408E95C1-0AB0-4339-A29B-05AC8154FEB2}.Release|Any CPU.Build.0 = Release|Any CPU
	EndGlobalSection
	GlobalSection(SolutionProperties) = preSolution
		HideSolutionNode = FALSE
	EndGlobalSection
EndGlobal
